
Microsoft Visual Studio Solution File, Format Version 12.00
# Visual Studio Version 17
VisualStudioVersion = 17.6.33712.159
MinimumVisualStudioVersion = 10.0.40219.1
Project("{8BC9CEB8-8B4A-11D0-8D11-00A0C91BC942}") = "EfficientNet", "EfficientNet.vcxproj", "{6AA940AA-BC05-4DE1-879F-3B7DBCADC033}"
EndProject
Project("{8BC9CEB8-8B4A-11D0-8D11-00A0C91BC942}") = "DllTest", "DllTest\DllTest.vcxproj", "{9670D943-35D6-43C0-A113-171C786A82DC}"
EndProject
Global
	GlobalSection(SolutionConfigurationPlatforms) = preSolution
		Debug|x64 = Debug|x64
		Debug|x86 = Debug|x86
		Release|x64 = Release|x64
		Release|x86 = Release|x86
	EndGlobalSection
	GlobalSection(ProjectConfigurationPlatforms) = postSolution
		{6AA940AA-BC05-4DE1-879F-3B7DBCADC033}.Debug|x64.ActiveCfg = Debug|x64
		{6AA940AA-BC05-4DE1-879F-3B7DBCADC033}.Debug|x64.Build.0 = Debug|x64
		{6AA940AA-BC05-4DE1-879F-3B7DBCADC033}.Debug|x86.ActiveCfg = Debug|Win32
		{6AA940AA-BC05-4DE1-879F-3B7DBCADC033}.Debug|x86.Build.0 = Debug|Win32
		{6AA940AA-BC05-4DE1-879F-3B7DBCADC033}.Release|x64.ActiveCfg = Release|x64
		{6AA940AA-BC05-4DE1-879F-3B7DBCADC033}.Release|x64.Build.0 = Release|x64
		{6AA940AA-BC05-4DE1-879F-3B7DBCADC033}.Release|x86.ActiveCfg = Release|Win32
		{6AA940AA-BC05-4DE1-879F-3B7DBCADC033}.Release|x86.Build.0 = Release|Win32
		{9670D943-35D6-43C0-A113-171C786A82DC}.Debug|x64.ActiveCfg = Debug|x64
		{9670D943-35D6-43C0-A113-171C786A82DC}.Debug|x64.Build.0 = Debug|x64
		{9670D943-35D6-43C0-A113-171C786A82DC}.Debug|x86.ActiveCfg = Debug|Win32
		{9670D943-35D6-43C0-A113-171C786A82DC}.Debug|x86.Build.0 = Debug|Win32
		{9670D943-35D6-43C0-A113-171C786A82DC}.Release|x64.ActiveCfg = Release|x64
		{9670D943-35D6-43C0-A113-171C786A82DC}.Release|x64.Build.0 = Release|x64
		{9670D943-35D6-43C0-A113-171C786A82DC}.Release|x86.ActiveCfg = Release|Win32
		{9670D943-35D6-43C0-A113-171C786A82DC}.Release|x86.Build.0 = Release|Win32
	EndGlobalSection
	GlobalSection(SolutionProperties) = preSolution
		HideSolutionNode = FALSE
	EndGlobalSection
	GlobalSection(ExtensibilityGlobals) = postSolution
		SolutionGuid = {6CF2EC44-43C4-4CB9-A310-DCF563037392}
	EndGlobalSection
EndGlobal
